
Microsoft Visual Studio Solution File, Format Version 12.00
# Visual Studio Version 16
VisualStudioVersion = 16.0.29709.97
MinimumVisualStudioVersion = 10.0.40219.1
Project("{FAE04EC0-301F-11D3-BF4B-00C04F79EFBC}") = "DrawingObject", "DrawingObject\DrawingObject.csproj", "{06591A52-B527-42DE-B410-D8BF77181486}"
EndProject
Global
	GlobalSection(SolutionConfigurationPlatforms) = preSolution
		Debug|Any CPU = Debug|Any CPU
		Release|Any CPU = Release|Any CPU
	EndGlobalSection
	GlobalSection(ProjectConfigurationPlatforms) = postSolution
		{06591A52-B527-42DE-B410-D8BF77181486}.Debug|Any CPU.ActiveCfg = Debug|Any CPU
		{06591A52-B527-42DE-B410-D8BF77181486}.Debug|Any CPU.Build.0 = Debug|Any CPU
		{06591A52-B527-42DE-B410-D8BF77181486}.Release|Any CPU.ActiveCfg = Release|Any CPU
		{06591A52-B527-42DE-B410-D8BF77181486}.Release|Any CPU.Build.0 = Release|Any CPU
	EndGlobalSection
	GlobalSection(SolutionProperties) = preSolution
		HideSolutionNode = FALSE
	EndGlobalSection
	GlobalSection(ExtensibilityGlobals) = postSolution
		SolutionGuid = {A40D7F21-EC92-425F-8ED8-4574D54E305F}
	EndGlobalSection
EndGlobal
