
Microsoft Visual Studio Solution File, Format Version 12.00
# Visual Studio Version 16
VisualStudioVersion = 16.0.29709.97
MinimumVisualStudioVersion = 10.0.40219.1
Project("{FAE04EC0-301F-11D3-BF4B-00C04F79EFBC}") = "Animal", "Animal\Animal.csproj", "{9BBA7DE1-D49D-4506-9493-1C768F2731DD}"
EndProject
Global
	GlobalSection(SolutionConfigurationPlatforms) = preSolution
		Debug|Any CPU = Debug|Any CPU
		Release|Any CPU = Release|Any CPU
	EndGlobalSection
	GlobalSection(ProjectConfigurationPlatforms) = postSolution
		{9BBA7DE1-D49D-4506-9493-1C768F2731DD}.Debug|Any CPU.ActiveCfg = Debug|Any CPU
		{9BBA7DE1-D49D-4506-9493-1C768F2731DD}.Debug|Any CPU.Build.0 = Debug|Any CPU
		{9BBA7DE1-D49D-4506-9493-1C768F2731DD}.Release|Any CPU.ActiveCfg = Release|Any CPU
		{9BBA7DE1-D49D-4506-9493-1C768F2731DD}.Release|Any CPU.Build.0 = Release|Any CPU
	EndGlobalSection
	GlobalSection(SolutionProperties) = preSolution
		HideSolutionNode = FALSE
	EndGlobalSection
	GlobalSection(ExtensibilityGlobals) = postSolution
		SolutionGuid = {59AD6BDE-CFC8-4E98-AF3A-D731B278D3AA}
	EndGlobalSection
EndGlobal
