
Microsoft Visual Studio Solution File, Format Version 12.00
# Visual Studio Version 16
VisualStudioVersion = 16.0.29709.97
MinimumVisualStudioVersion = 10.0.40219.1
Project("{FAE04EC0-301F-11D3-BF4B-00C04F79EFBC}") = "Lab5-Activiy4-2", "Lab5-Activiy4-2\Lab5-Activiy4-2.csproj", "{01C36DB0-8B8B-411C-BE87-91CC0765F46C}"
EndProject
Global
	GlobalSection(SolutionConfigurationPlatforms) = preSolution
		Debug|Any CPU = Debug|Any CPU
		Release|Any CPU = Release|Any CPU
	EndGlobalSection
	GlobalSection(ProjectConfigurationPlatforms) = postSolution
		{01C36DB0-8B8B-411C-BE87-91CC0765F46C}.Debug|Any CPU.ActiveCfg = Debug|Any CPU
		{01C36DB0-8B8B-411C-BE87-91CC0765F46C}.Debug|Any CPU.Build.0 = Debug|Any CPU
		{01C36DB0-8B8B-411C-BE87-91CC0765F46C}.Release|Any CPU.ActiveCfg = Release|Any CPU
		{01C36DB0-8B8B-411C-BE87-91CC0765F46C}.Release|Any CPU.Build.0 = Release|Any CPU
	EndGlobalSection
	GlobalSection(SolutionProperties) = preSolution
		HideSolutionNode = FALSE
	EndGlobalSection
	GlobalSection(ExtensibilityGlobals) = postSolution
		SolutionGuid = {1D968438-D6AA-48D8-BCC6-DD3FA020E0A4}
	EndGlobalSection
EndGlobal
