
Microsoft Visual Studio Solution File, Format Version 12.00
# Visual Studio Version 16
VisualStudioVersion = 16.0.29709.97
MinimumVisualStudioVersion = 10.0.40219.1
Project("{FAE04EC0-301F-11D3-BF4B-00C04F79EFBC}") = "Lab5-Activity3-1", "Lab5-Activity3-1\Lab5-Activity3-1.csproj", "{D75CD7EF-29A9-467F-88C2-2F627487F785}"
EndProject
Global
	GlobalSection(SolutionConfigurationPlatforms) = preSolution
		Debug|Any CPU = Debug|Any CPU
		Release|Any CPU = Release|Any CPU
	EndGlobalSection
	GlobalSection(ProjectConfigurationPlatforms) = postSolution
		{D75CD7EF-29A9-467F-88C2-2F627487F785}.Debug|Any CPU.ActiveCfg = Debug|Any CPU
		{D75CD7EF-29A9-467F-88C2-2F627487F785}.Debug|Any CPU.Build.0 = Debug|Any CPU
		{D75CD7EF-29A9-467F-88C2-2F627487F785}.Release|Any CPU.ActiveCfg = Release|Any CPU
		{D75CD7EF-29A9-467F-88C2-2F627487F785}.Release|Any CPU.Build.0 = Release|Any CPU
	EndGlobalSection
	GlobalSection(SolutionProperties) = preSolution
		HideSolutionNode = FALSE
	EndGlobalSection
	GlobalSection(ExtensibilityGlobals) = postSolution
		SolutionGuid = {21847669-AF51-4855-900B-2F6B93301A69}
	EndGlobalSection
EndGlobal
