
Microsoft Visual Studio Solution File, Format Version 12.00
# Visual Studio Version 16
VisualStudioVersion = 16.0.29709.97
MinimumVisualStudioVersion = 10.0.40219.1
Project("{FAE04EC0-301F-11D3-BF4B-00C04F79EFBC}") = "Lab5-Activity3-2", "Lab5-Activity3-2\Lab5-Activity3-2.csproj", "{6234D5FE-60EF-4C3A-AB72-8F9E436FA1CB}"
EndProject
Global
	GlobalSection(SolutionConfigurationPlatforms) = preSolution
		Debug|Any CPU = Debug|Any CPU
		Release|Any CPU = Release|Any CPU
	EndGlobalSection
	GlobalSection(ProjectConfigurationPlatforms) = postSolution
		{6234D5FE-60EF-4C3A-AB72-8F9E436FA1CB}.Debug|Any CPU.ActiveCfg = Debug|Any CPU
		{6234D5FE-60EF-4C3A-AB72-8F9E436FA1CB}.Debug|Any CPU.Build.0 = Debug|Any CPU
		{6234D5FE-60EF-4C3A-AB72-8F9E436FA1CB}.Release|Any CPU.ActiveCfg = Release|Any CPU
		{6234D5FE-60EF-4C3A-AB72-8F9E436FA1CB}.Release|Any CPU.Build.0 = Release|Any CPU
	EndGlobalSection
	GlobalSection(SolutionProperties) = preSolution
		HideSolutionNode = FALSE
	EndGlobalSection
	GlobalSection(ExtensibilityGlobals) = postSolution
		SolutionGuid = {1364D4FD-82CC-48AA-80D2-AAA87DA1F046}
	EndGlobalSection
EndGlobal
