
Microsoft Visual Studio Solution File, Format Version 12.00
# Visual Studio 15
VisualStudioVersion = 15.0.28307.1000
MinimumVisualStudioVersion = 10.0.40219.1
Project("{FAE04EC0-301F-11D3-BF4B-00C04F79EFBC}") = "Lab5-Activity3-2", "Lab5-Activity3-2\Lab5-Activity3-2.csproj", "{A8EBC18D-3A1B-4563-A9A6-B7448843BF58}"
EndProject
Global
	GlobalSection(SolutionConfigurationPlatforms) = preSolution
		Debug|Any CPU = Debug|Any CPU
		Release|Any CPU = Release|Any CPU
	EndGlobalSection
	GlobalSection(ProjectConfigurationPlatforms) = postSolution
		{A8EBC18D-3A1B-4563-A9A6-B7448843BF58}.Debug|Any CPU.ActiveCfg = Debug|Any CPU
		{A8EBC18D-3A1B-4563-A9A6-B7448843BF58}.Debug|Any CPU.Build.0 = Debug|Any CPU
		{A8EBC18D-3A1B-4563-A9A6-B7448843BF58}.Release|Any CPU.ActiveCfg = Release|Any CPU
		{A8EBC18D-3A1B-4563-A9A6-B7448843BF58}.Release|Any CPU.Build.0 = Release|Any CPU
	EndGlobalSection
	GlobalSection(SolutionProperties) = preSolution
		HideSolutionNode = FALSE
	EndGlobalSection
	GlobalSection(ExtensibilityGlobals) = postSolution
		SolutionGuid = {C1610E37-231A-420B-B8A0-36C33549F317}
	EndGlobalSection
EndGlobal
