
Microsoft Visual Studio Solution File, Format Version 12.00
# Visual Studio Version 16
VisualStudioVersion = 16.0.29709.97
MinimumVisualStudioVersion = 10.0.40219.1
Project("{FAE04EC0-301F-11D3-BF4B-00C04F79EFBC}") = "Lab5-Activiy4-1", "Lab5-Activiy4-1\Lab5-Activiy4-1.csproj", "{D0658BFA-B225-4401-937E-82A6081EB034}"
EndProject
Global
	GlobalSection(SolutionConfigurationPlatforms) = preSolution
		Debug|Any CPU = Debug|Any CPU
		Release|Any CPU = Release|Any CPU
	EndGlobalSection
	GlobalSection(ProjectConfigurationPlatforms) = postSolution
		{D0658BFA-B225-4401-937E-82A6081EB034}.Debug|Any CPU.ActiveCfg = Debug|Any CPU
		{D0658BFA-B225-4401-937E-82A6081EB034}.Debug|Any CPU.Build.0 = Debug|Any CPU
		{D0658BFA-B225-4401-937E-82A6081EB034}.Release|Any CPU.ActiveCfg = Release|Any CPU
		{D0658BFA-B225-4401-937E-82A6081EB034}.Release|Any CPU.Build.0 = Release|Any CPU
	EndGlobalSection
	GlobalSection(SolutionProperties) = preSolution
		HideSolutionNode = FALSE
	EndGlobalSection
	GlobalSection(ExtensibilityGlobals) = postSolution
		SolutionGuid = {4E5943D2-B567-4083-B661-C93608F3FF8A}
	EndGlobalSection
EndGlobal
