
Microsoft Visual Studio Solution File, Format Version 12.00
# Visual Studio 15
VisualStudioVersion = 15.0.28307.1000
MinimumVisualStudioVersion = 10.0.40219.1
Project("{FAE04EC0-301F-11D3-BF4B-00C04F79EFBC}") = "Lab5-Activity3-1", "Lab5-Activity3-1\Lab5-Activity3-1.csproj", "{A9EBAD16-9C7F-4B9F-9D42-378B138ED55A}"
EndProject
Global
	GlobalSection(SolutionConfigurationPlatforms) = preSolution
		Debug|Any CPU = Debug|Any CPU
		Release|Any CPU = Release|Any CPU
	EndGlobalSection
	GlobalSection(ProjectConfigurationPlatforms) = postSolution
		{A9EBAD16-9C7F-4B9F-9D42-378B138ED55A}.Debug|Any CPU.ActiveCfg = Debug|Any CPU
		{A9EBAD16-9C7F-4B9F-9D42-378B138ED55A}.Debug|Any CPU.Build.0 = Debug|Any CPU
		{A9EBAD16-9C7F-4B9F-9D42-378B138ED55A}.Release|Any CPU.ActiveCfg = Release|Any CPU
		{A9EBAD16-9C7F-4B9F-9D42-378B138ED55A}.Release|Any CPU.Build.0 = Release|Any CPU
	EndGlobalSection
	GlobalSection(SolutionProperties) = preSolution
		HideSolutionNode = FALSE
	EndGlobalSection
	GlobalSection(ExtensibilityGlobals) = postSolution
		SolutionGuid = {3D4B9535-DB6A-43B8-B776-399F3B4130FE}
	EndGlobalSection
EndGlobal
