
Microsoft Visual Studio Solution File, Format Version 12.00
# Visual Studio Version 16
VisualStudioVersion = 16.0.29709.97
MinimumVisualStudioVersion = 10.0.40219.1
Project("{FAE04EC0-301F-11D3-BF4B-00C04F79EFBC}") = "Lab5-Activity4-1", "Lab5-Activity4-1\Lab5-Activity4-1.csproj", "{1E5D5B99-FA64-4D96-AF3A-35B23108724A}"
EndProject
Global
	GlobalSection(SolutionConfigurationPlatforms) = preSolution
		Debug|Any CPU = Debug|Any CPU
		Release|Any CPU = Release|Any CPU
	EndGlobalSection
	GlobalSection(ProjectConfigurationPlatforms) = postSolution
		{1E5D5B99-FA64-4D96-AF3A-35B23108724A}.Debug|Any CPU.ActiveCfg = Debug|Any CPU
		{1E5D5B99-FA64-4D96-AF3A-35B23108724A}.Debug|Any CPU.Build.0 = Debug|Any CPU
		{1E5D5B99-FA64-4D96-AF3A-35B23108724A}.Release|Any CPU.ActiveCfg = Release|Any CPU
		{1E5D5B99-FA64-4D96-AF3A-35B23108724A}.Release|Any CPU.Build.0 = Release|Any CPU
	EndGlobalSection
	GlobalSection(SolutionProperties) = preSolution
		HideSolutionNode = FALSE
	EndGlobalSection
	GlobalSection(ExtensibilityGlobals) = postSolution
		SolutionGuid = {B2A65DB6-E515-473F-9AB2-70266086B613}
	EndGlobalSection
EndGlobal
