
Microsoft Visual Studio Solution File, Format Version 12.00
# Visual Studio Version 16
VisualStudioVersion = 16.0.29709.97
MinimumVisualStudioVersion = 10.0.40219.1
Project("{FAE04EC0-301F-11D3-BF4B-00C04F79EFBC}") = "Lab5-Activity3-2", "Lab5-Activity3-2\Lab5-Activity3-2.csproj", "{5B33F17C-5AB4-435B-87FD-E7879A13E401}"
EndProject
Global
	GlobalSection(SolutionConfigurationPlatforms) = preSolution
		Debug|Any CPU = Debug|Any CPU
		Release|Any CPU = Release|Any CPU
	EndGlobalSection
	GlobalSection(ProjectConfigurationPlatforms) = postSolution
		{5B33F17C-5AB4-435B-87FD-E7879A13E401}.Debug|Any CPU.ActiveCfg = Debug|Any CPU
		{5B33F17C-5AB4-435B-87FD-E7879A13E401}.Debug|Any CPU.Build.0 = Debug|Any CPU
		{5B33F17C-5AB4-435B-87FD-E7879A13E401}.Release|Any CPU.ActiveCfg = Release|Any CPU
		{5B33F17C-5AB4-435B-87FD-E7879A13E401}.Release|Any CPU.Build.0 = Release|Any CPU
	EndGlobalSection
	GlobalSection(SolutionProperties) = preSolution
		HideSolutionNode = FALSE
	EndGlobalSection
	GlobalSection(ExtensibilityGlobals) = postSolution
		SolutionGuid = {3D6CD621-2277-4F88-BF51-1E4CB8FC23A6}
	EndGlobalSection
EndGlobal
