
Microsoft Visual Studio Solution File, Format Version 12.00
# Visual Studio Version 16
VisualStudioVersion = 16.0.29806.167
MinimumVisualStudioVersion = 10.0.40219.1
Project("{FAE04EC0-301F-11D3-BF4B-00C04F79EFBC}") = "Lab5-Activiy-4", "Lab5-Activiy-4\Lab5-Activiy-4.csproj", "{CBB532C1-E2A0-4CF2-BD95-C76770A3D071}"
EndProject
Global
	GlobalSection(SolutionConfigurationPlatforms) = preSolution
		Debug|Any CPU = Debug|Any CPU
		Release|Any CPU = Release|Any CPU
	EndGlobalSection
	GlobalSection(ProjectConfigurationPlatforms) = postSolution
		{CBB532C1-E2A0-4CF2-BD95-C76770A3D071}.Debug|Any CPU.ActiveCfg = Debug|Any CPU
		{CBB532C1-E2A0-4CF2-BD95-C76770A3D071}.Debug|Any CPU.Build.0 = Debug|Any CPU
		{CBB532C1-E2A0-4CF2-BD95-C76770A3D071}.Release|Any CPU.ActiveCfg = Release|Any CPU
		{CBB532C1-E2A0-4CF2-BD95-C76770A3D071}.Release|Any CPU.Build.0 = Release|Any CPU
	EndGlobalSection
	GlobalSection(SolutionProperties) = preSolution
		HideSolutionNode = FALSE
	EndGlobalSection
	GlobalSection(ExtensibilityGlobals) = postSolution
		SolutionGuid = {84D58558-B110-42FD-BA34-643C0CBBBA17}
	EndGlobalSection
EndGlobal
