
Microsoft Visual Studio Solution File, Format Version 12.00
# Visual Studio 15
VisualStudioVersion = 15.0.28307.1000
MinimumVisualStudioVersion = 10.0.40219.1
Project("{FAE04EC0-301F-11D3-BF4B-00C04F79EFBC}") = "AnimalMasking", "AnimalMasking\AnimalMasking.csproj", "{00A80484-2124-4627-AE1E-264E0836A4FC}"
EndProject
Global
	GlobalSection(SolutionConfigurationPlatforms) = preSolution
		Debug|Any CPU = Debug|Any CPU
		Release|Any CPU = Release|Any CPU
	EndGlobalSection
	GlobalSection(ProjectConfigurationPlatforms) = postSolution
		{00A80484-2124-4627-AE1E-264E0836A4FC}.Debug|Any CPU.ActiveCfg = Debug|Any CPU
		{00A80484-2124-4627-AE1E-264E0836A4FC}.Debug|Any CPU.Build.0 = Debug|Any CPU
		{00A80484-2124-4627-AE1E-264E0836A4FC}.Release|Any CPU.ActiveCfg = Release|Any CPU
		{00A80484-2124-4627-AE1E-264E0836A4FC}.Release|Any CPU.Build.0 = Release|Any CPU
	EndGlobalSection
	GlobalSection(SolutionProperties) = preSolution
		HideSolutionNode = FALSE
	EndGlobalSection
	GlobalSection(ExtensibilityGlobals) = postSolution
		SolutionGuid = {8F6F236D-CD7A-439C-B641-5149D5519F92}
	EndGlobalSection
EndGlobal
